
Microsoft Visual Studio Solution File, Format Version 10.00
# Visual Studio 2008
Project("{FAE04EC0-301F-11D3-BF4B-00C04F79EFBC}") = "LessCss.Net", "LessCss.Net\LessCss.Net.csproj", "{5A7B0F49-D30C-451F-A368-95C56FE73C63}"
EndProject
Project("{FAE04EC0-301F-11D3-BF4B-00C04F79EFBC}") = "LessCss.Specs", "LessCss.Specs\LessCss.Specs.csproj", "{98E53AAB-8417-464E-B763-A7EC09826CC8}"
EndProject
Project("{FAE04EC0-301F-11D3-BF4B-00C04F79EFBC}") = "LessCompiler", "LessCompiler\LessCompiler.csproj", "{84AD4D8E-7916-4D13-B4F8-43D433C098F2}"
EndProject
Global
	GlobalSection(SolutionConfigurationPlatforms) = preSolution
		Debug|Any CPU = Debug|Any CPU
		Release|Any CPU = Release|Any CPU
	EndGlobalSection
	GlobalSection(ProjectConfigurationPlatforms) = postSolution
		{5A7B0F49-D30C-451F-A368-95C56FE73C63}.Debug|Any CPU.ActiveCfg = Debug|Any CPU
		{5A7B0F49-D30C-451F-A368-95C56FE73C63}.Debug|Any CPU.Build.0 = Debug|Any CPU
		{5A7B0F49-D30C-451F-A368-95C56FE73C63}.Release|Any CPU.ActiveCfg = Release|Any CPU
		{5A7B0F49-D30C-451F-A368-95C56FE73C63}.Release|Any CPU.Build.0 = Release|Any CPU
		{98E53AAB-8417-464E-B763-A7EC09826CC8}.Debug|Any CPU.ActiveCfg = Debug|Any CPU
		{98E53AAB-8417-464E-B763-A7EC09826CC8}.Debug|Any CPU.Build.0 = Debug|Any CPU
		{98E53AAB-8417-464E-B763-A7EC09826CC8}.Release|Any CPU.ActiveCfg = Release|Any CPU
		{98E53AAB-8417-464E-B763-A7EC09826CC8}.Release|Any CPU.Build.0 = Release|Any CPU
		{84AD4D8E-7916-4D13-B4F8-43D433C098F2}.Debug|Any CPU.ActiveCfg = Debug|Any CPU
		{84AD4D8E-7916-4D13-B4F8-43D433C098F2}.Debug|Any CPU.Build.0 = Debug|Any CPU
		{84AD4D8E-7916-4D13-B4F8-43D433C098F2}.Release|Any CPU.ActiveCfg = Release|Any CPU
		{84AD4D8E-7916-4D13-B4F8-43D433C098F2}.Release|Any CPU.Build.0 = Release|Any CPU
	EndGlobalSection
	GlobalSection(SolutionProperties) = preSolution
		HideSolutionNode = FALSE
	EndGlobalSection
EndGlobal
